
Microsoft Visual Studio Solution File, Format Version 12.00
# Visual Studio Version 17
VisualStudioVersion = 17.9.34616.47
MinimumVisualStudioVersion = 10.0.40219.1
Project("{9A19103F-16F7-4668-BE54-9A1E7A4F7556}") = "EcommerceAPI", "EcommerceAPI.csproj", "{EBB1B6A4-86F7-43F8-B4A2-B2A1E19701E6}"
EndProject
Project("{9A19103F-16F7-4668-BE54-9A1E7A4F7556}") = "EcommerceAPI.Entity", "..\EcommerceAPI.Entity\EcommerceAPI.Entity.csproj", "{D0651E3E-58DF-46EA-8A90-1F67B27E23F9}"
EndProject
Project("{9A19103F-16F7-4668-BE54-9A1E7A4F7556}") = "EcommerceAPI.Service", "..\EcommerceAPI.Service\EcommerceAPI.Service.csproj", "{3C6EBEDB-03DC-4B8E-B5B9-2DEA9247AE55}"
EndProject
Project("{9A19103F-16F7-4668-BE54-9A1E7A4F7556}") = "EcommerceAPI.Repository", "..\EcommerceAPI.Repository\EcommerceAPI.Repository.csproj", "{D971CAB9-5243-4A6A-9E64-CB64F0A23AF0}"
EndProject
Project("{9A19103F-16F7-4668-BE54-9A1E7A4F7556}") = "EcommerceAPI.Utils", "..\EcommerceAPI.Utils\EcommerceAPI.Utils.csproj", "{1C44101D-8959-493C-8174-82885A4000D4}"
EndProject
Project("{9A19103F-16F7-4668-BE54-9A1E7A4F7556}") = "EcommerceAPI.Interface", "..\EcommerceAPI.Interface\EcommerceAPI.Interface.csproj", "{B1AED71C-9E12-4147-B903-551B7684C6EF}"
EndProject
Project("{9A19103F-16F7-4668-BE54-9A1E7A4F7556}") = "EcommerceAPI.Presentation", "..\EcommerceAPI.Presentation\EcommerceAPI.Presentation.csproj", "{D2218B06-C763-4599-A4D8-1770DE12D3E7}"
EndProject
Project("{2150E333-8FDC-42A3-9474-1A3956D46DE8}") = "Solution Items", "Solution Items", "{5066400B-DE09-4A20-AF45-6C00C4C43106}"
	ProjectSection(SolutionItems) = preProject
		Readme.txt = Readme.txt
	EndProjectSection
EndProject
Global
	GlobalSection(SolutionConfigurationPlatforms) = preSolution
		Debug|Any CPU = Debug|Any CPU
		Release|Any CPU = Release|Any CPU
	EndGlobalSection
	GlobalSection(ProjectConfigurationPlatforms) = postSolution
		{EBB1B6A4-86F7-43F8-B4A2-B2A1E19701E6}.Debug|Any CPU.ActiveCfg = Debug|Any CPU
		{EBB1B6A4-86F7-43F8-B4A2-B2A1E19701E6}.Debug|Any CPU.Build.0 = Debug|Any CPU
		{EBB1B6A4-86F7-43F8-B4A2-B2A1E19701E6}.Release|Any CPU.ActiveCfg = Release|Any CPU
		{EBB1B6A4-86F7-43F8-B4A2-B2A1E19701E6}.Release|Any CPU.Build.0 = Release|Any CPU
		{D0651E3E-58DF-46EA-8A90-1F67B27E23F9}.Debug|Any CPU.ActiveCfg = Debug|Any CPU
		{D0651E3E-58DF-46EA-8A90-1F67B27E23F9}.Debug|Any CPU.Build.0 = Debug|Any CPU
		{D0651E3E-58DF-46EA-8A90-1F67B27E23F9}.Release|Any CPU.ActiveCfg = Release|Any CPU
		{D0651E3E-58DF-46EA-8A90-1F67B27E23F9}.Release|Any CPU.Build.0 = Release|Any CPU
		{3C6EBEDB-03DC-4B8E-B5B9-2DEA9247AE55}.Debug|Any CPU.ActiveCfg = Debug|Any CPU
		{3C6EBEDB-03DC-4B8E-B5B9-2DEA9247AE55}.Debug|Any CPU.Build.0 = Debug|Any CPU
		{3C6EBEDB-03DC-4B8E-B5B9-2DEA9247AE55}.Release|Any CPU.ActiveCfg = Release|Any CPU
		{3C6EBEDB-03DC-4B8E-B5B9-2DEA9247AE55}.Release|Any CPU.Build.0 = Release|Any CPU
		{D971CAB9-5243-4A6A-9E64-CB64F0A23AF0}.Debug|Any CPU.ActiveCfg = Debug|Any CPU
		{D971CAB9-5243-4A6A-9E64-CB64F0A23AF0}.Debug|Any CPU.Build.0 = Debug|Any CPU
		{D971CAB9-5243-4A6A-9E64-CB64F0A23AF0}.Release|Any CPU.ActiveCfg = Release|Any CPU
		{D971CAB9-5243-4A6A-9E64-CB64F0A23AF0}.Release|Any CPU.Build.0 = Release|Any CPU
		{1C44101D-8959-493C-8174-82885A4000D4}.Debug|Any CPU.ActiveCfg = Debug|Any CPU
		{1C44101D-8959-493C-8174-82885A4000D4}.Debug|Any CPU.Build.0 = Debug|Any CPU
		{1C44101D-8959-493C-8174-82885A4000D4}.Release|Any CPU.ActiveCfg = Release|Any CPU
		{1C44101D-8959-493C-8174-82885A4000D4}.Release|Any CPU.Build.0 = Release|Any CPU
		{B1AED71C-9E12-4147-B903-551B7684C6EF}.Debug|Any CPU.ActiveCfg = Debug|Any CPU
		{B1AED71C-9E12-4147-B903-551B7684C6EF}.Debug|Any CPU.Build.0 = Debug|Any CPU
		{B1AED71C-9E12-4147-B903-551B7684C6EF}.Release|Any CPU.ActiveCfg = Release|Any CPU
		{B1AED71C-9E12-4147-B903-551B7684C6EF}.Release|Any CPU.Build.0 = Release|Any CPU
		{D2218B06-C763-4599-A4D8-1770DE12D3E7}.Debug|Any CPU.ActiveCfg = Debug|Any CPU
		{D2218B06-C763-4599-A4D8-1770DE12D3E7}.Debug|Any CPU.Build.0 = Debug|Any CPU
		{D2218B06-C763-4599-A4D8-1770DE12D3E7}.Release|Any CPU.ActiveCfg = Release|Any CPU
		{D2218B06-C763-4599-A4D8-1770DE12D3E7}.Release|Any CPU.Build.0 = Release|Any CPU
	EndGlobalSection
	GlobalSection(SolutionProperties) = preSolution
		HideSolutionNode = FALSE
	EndGlobalSection
	GlobalSection(ExtensibilityGlobals) = postSolution
		SolutionGuid = {CA22133E-9925-421D-8169-C61F92775DE2}
	EndGlobalSection
EndGlobal
